
Microsoft Visual Studio Solution File, Format Version 12.00
# Visual Studio Version 16
VisualStudioVersion = 16.0.33529.622
MinimumVisualStudioVersion = 10.0.40219.1
Project("{FAE04EC0-301F-11D3-BF4B-00C04F79EFBC}") = "lab02", "lab02\lab02.csproj", "{D121223F-0656-4C2A-9BE2-08AB041A28C0}"
EndProject
Project("{FAE04EC0-301F-11D3-BF4B-00C04F79EFBC}") = "TestProject1", "TestProject1\TestProject1.csproj", "{1FA9E46E-9167-4854-BB1E-877E232706D5}"
EndProject
Global
	GlobalSection(SolutionConfigurationPlatforms) = preSolution
		Debug|Any CPU = Debug|Any CPU
		Release|Any CPU = Release|Any CPU
	EndGlobalSection
	GlobalSection(ProjectConfigurationPlatforms) = postSolution
		{D121223F-0656-4C2A-9BE2-08AB041A28C0}.Debug|Any CPU.ActiveCfg = Debug|Any CPU
		{D121223F-0656-4C2A-9BE2-08AB041A28C0}.Debug|Any CPU.Build.0 = Debug|Any CPU
		{D121223F-0656-4C2A-9BE2-08AB041A28C0}.Release|Any CPU.ActiveCfg = Release|Any CPU
		{D121223F-0656-4C2A-9BE2-08AB041A28C0}.Release|Any CPU.Build.0 = Release|Any CPU
		{1FA9E46E-9167-4854-BB1E-877E232706D5}.Debug|Any CPU.ActiveCfg = Debug|Any CPU
		{1FA9E46E-9167-4854-BB1E-877E232706D5}.Debug|Any CPU.Build.0 = Debug|Any CPU
		{1FA9E46E-9167-4854-BB1E-877E232706D5}.Release|Any CPU.ActiveCfg = Release|Any CPU
		{1FA9E46E-9167-4854-BB1E-877E232706D5}.Release|Any CPU.Build.0 = Release|Any CPU
	EndGlobalSection
	GlobalSection(SolutionProperties) = preSolution
		HideSolutionNode = FALSE
	EndGlobalSection
	GlobalSection(ExtensibilityGlobals) = postSolution
		SolutionGuid = {531D721B-E0DB-4A92-97CF-2EBBE200282B}
	EndGlobalSection
EndGlobal
